
Microsoft Visual Studio Solution File, Format Version 12.00
# Visual Studio Version 17
VisualStudioVersion = 17.9.34607.119
MinimumVisualStudioVersion = 10.0.40219.1
Project("{FAE04EC0-301F-11D3-BF4B-00C04F79EFBC}") = "Task", "Task\Task.csproj", "{D75AF946-F2D1-43A6-B2A3-C3A897610868}"
EndProject
Global
	GlobalSection(SolutionConfigurationPlatforms) = preSolution
		Debug|Any CPU = Debug|Any CPU
		Release|Any CPU = Release|Any CPU
	EndGlobalSection
	GlobalSection(ProjectConfigurationPlatforms) = postSolution
		{D75AF946-F2D1-43A6-B2A3-C3A897610868}.Debug|Any CPU.ActiveCfg = Debug|Any CPU
		{D75AF946-F2D1-43A6-B2A3-C3A897610868}.Debug|Any CPU.Build.0 = Debug|Any CPU
		{D75AF946-F2D1-43A6-B2A3-C3A897610868}.Release|Any CPU.ActiveCfg = Release|Any CPU
		{D75AF946-F2D1-43A6-B2A3-C3A897610868}.Release|Any CPU.Build.0 = Release|Any CPU
	EndGlobalSection
	GlobalSection(SolutionProperties) = preSolution
		HideSolutionNode = FALSE
	EndGlobalSection
	GlobalSection(ExtensibilityGlobals) = postSolution
		SolutionGuid = {C6A8FDB6-2FBD-4201-8805-2549E0E15780}
	EndGlobalSection
EndGlobal
